
Microsoft Visual Studio Solution File, Format Version 12.00
# Visual Studio Version 16
VisualStudioVersion = 16.0.30621.155
MinimumVisualStudioVersion = 10.0.40219.1
Project("{FAE04EC0-301F-11D3-BF4B-00C04F79EFBC}") = "Hash", "Hash.csproj", "{10B6AD9C-A0CD-440B-A439-19713A338B0C}"
EndProject
Global
	GlobalSection(SolutionConfigurationPlatforms) = preSolution
		Debug|Any CPU = Debug|Any CPU
		Release|Any CPU = Release|Any CPU
	EndGlobalSection
	GlobalSection(ProjectConfigurationPlatforms) = postSolution
		{10B6AD9C-A0CD-440B-A439-19713A338B0C}.Debug|Any CPU.ActiveCfg = Debug|Any CPU
		{10B6AD9C-A0CD-440B-A439-19713A338B0C}.Debug|Any CPU.Build.0 = Debug|Any CPU
		{10B6AD9C-A0CD-440B-A439-19713A338B0C}.Release|Any CPU.ActiveCfg = Release|Any CPU
		{10B6AD9C-A0CD-440B-A439-19713A338B0C}.Release|Any CPU.Build.0 = Release|Any CPU
	EndGlobalSection
	GlobalSection(SolutionProperties) = preSolution
		HideSolutionNode = FALSE
	EndGlobalSection
	GlobalSection(ExtensibilityGlobals) = postSolution
		SolutionGuid = {FE153C8A-B4C5-48E6-BFCA-AFB2279B049C}
	EndGlobalSection
EndGlobal
